{
  "name": "waveform-data-generator",
  "version": "0.0.2",
  "lockfileVersion": 2,
  "requires": true,
  "packages": {
    "": {
      "name": "waveform-data-generator",
      "version": "0.0.2",
      "license": "MIT",
      "dependencies": {
        "marked": "4.2.5"
      }
    },
    "node_modules/marked": {
      "version": "4.2.5",
      "resolved": "https://registry.npmjs.org/marked/-/marked-4.2.5.tgz",
      "integrity": "sha512-jPueVhumq7idETHkb203WDD4fMA3yV9emQ5vLwop58lu8bTclMghBWcYAavlDqIEMaisADinV1TooIFCfqOsYQ==",
      "bin": {
        "marked": "bin/marked.js"
      },
      "engines": {
        "node": ">= 12"
      }
    }
  },
  "dependencies": {
    "marked": {
      "version": "4.2.5",
      "resolved": "https://registry.npmjs.org/marked/-/marked-4.2.5.tgz",
      "integrity": "sha512-jPueVhumq7idETHkb203WDD4fMA3yV9emQ5vLwop58lu8bTclMghBWcYAavlDqIEMaisADinV1TooIFCfqOsYQ=="
    }
  }
}
